
Microsoft Visual Studio Solution File, Format Version 12.00
# Visual Studio Version 17
VisualStudioVersion = 17.13.35919.96 d17.13
MinimumVisualStudioVersion = 10.0.40219.1
Project("{FAE04EC0-301F-11D3-BF4B-00C04F79EFBC}") = "GitDemo", "GitDemo.csproj", "{A8C9E259-9E6C-4B12-B9C1-7BF3A74EA4D2}"
EndProject
Global
	GlobalSection(SolutionConfigurationPlatforms) = preSolution
		Debug|Any CPU = Debug|Any CPU
		Release|Any CPU = Release|Any CPU
	EndGlobalSection
	GlobalSection(ProjectConfigurationPlatforms) = postSolution
		{A8C9E259-9E6C-4B12-B9C1-7BF3A74EA4D2}.Debug|Any CPU.ActiveCfg = Debug|Any CPU
		{A8C9E259-9E6C-4B12-B9C1-7BF3A74EA4D2}.Debug|Any CPU.Build.0 = Debug|Any CPU
		{A8C9E259-9E6C-4B12-B9C1-7BF3A74EA4D2}.Release|Any CPU.ActiveCfg = Release|Any CPU
		{A8C9E259-9E6C-4B12-B9C1-7BF3A74EA4D2}.Release|Any CPU.Build.0 = Release|Any CPU
	EndGlobalSection
	GlobalSection(SolutionProperties) = preSolution
		HideSolutionNode = FALSE
	EndGlobalSection
	GlobalSection(ExtensibilityGlobals) = postSolution
		SolutionGuid = {9A4CAC2F-13A9-4526-A8B7-3EA713279F08}
	EndGlobalSection
EndGlobal
